
Microsoft Visual Studio Solution File, Format Version 11.00
# Visual Studio 2010
Project("{FAE04EC0-301F-11D3-BF4B-00C04F79EFBC}") = "Assembly-CSharp", "Assembly-CSharp.csproj", "{9d4d7d1c-f4be-d88e-ca1b-f47858617b7f}"
EndProject
Project("{FAE04EC0-301F-11D3-BF4B-00C04F79EFBC}") = "Assembly-CSharp-Editor", "Assembly-CSharp-Editor.csproj", "{9941c9e2-b41e-1e34-80cc-22d29a8a6d3c}"
EndProject
Global
	GlobalSection(SolutionConfigurationPlatforms) = preSolution
		Debug|Any CPU = Debug|Any CPU
	EndGlobalSection
	GlobalSection(ProjectConfigurationPlatforms) = postSolution
		{9d4d7d1c-f4be-d88e-ca1b-f47858617b7f}.Debug|Any CPU.ActiveCfg = Debug|Any CPU
		{9d4d7d1c-f4be-d88e-ca1b-f47858617b7f}.Debug|Any CPU.Build.0 = Debug|Any CPU
		{9941c9e2-b41e-1e34-80cc-22d29a8a6d3c}.Debug|Any CPU.ActiveCfg = Debug|Any CPU
		{9941c9e2-b41e-1e34-80cc-22d29a8a6d3c}.Debug|Any CPU.Build.0 = Debug|Any CPU
	EndGlobalSection
	GlobalSection(SolutionProperties) = preSolution
		HideSolutionNode = FALSE
	EndGlobalSection
EndGlobal
